// !$*UTF8*$!
{
	archiveVersion = 1;
	classes = {
	};
	objectVersion = 50;
	objects = {

/* Begin PBXBuildFile section */
		46BFA2EA219A2ECE0069AEAA /* AppDelegate.swift in Sources */ = {isa = PBXBuildFile; fileRef = 46BFA2E9219A2ECE0069AEAA /* AppDelegate.swift */; };
		46BFA2EF219A2ECE0069AEAA /* Main.storyboard in Resources */ = {isa = PBXBuildFile; fileRef = 46BFA2ED219A2ECE0069AEAA /* Main.storyboard */; };
		46BFA2F1219A2ED00069AEAA /* Assets.xcassets in Resources */ = {isa = PBXBuildFile; fileRef = 46BFA2F0219A2ED00069AEAA /* Assets.xcassets */; };
		46BFA2F4219A2ED00069AEAA /* LaunchScreen.storyboard in Resources */ = {isa = PBXBuildFile; fileRef = 46BFA2F2219A2ED00069AEAA /* LaunchScreen.storyboard */; };
		F943C24440D44C1D66E20337 /* Pods_LearnRxSwift.framework in Frameworks */ = {isa = PBXBuildFile; fileRef = 673B15168B2CBC2CE4A66F10 /* Pods_LearnRxSwift.framework */; };
/* End PBXBuildFile section */

/* Begin PBXFileReference section */
		301F26C6B7C2577CD58B5AE1 /* Pods-LearnRxSwift.debug.xcconfig */ = {isa = PBXFileReference; includeInIndex = 1; lastKnownFileType = text.xcconfig; name = "Pods-LearnRxSwift.debug.xcconfig"; path = "Pods/Target Support Files/Pods-LearnRxSwift/Pods-LearnRxSwift.debug.xcconfig"; sourceTree = "<group>"; };
		46BFA2E6219A2ECE0069AEAA /* LearnRxSwift.app */ = {isa = PBXFileReference; explicitFileType = wrapper.application; includeInIndex = 0; path = LearnRxSwift.app; sourceTree = BUILT_PRODUCTS_DIR; };
		46BFA2E9219A2ECE0069AEAA /* AppDelegate.swift */ = {isa = PBXFileReference; lastKnownFileType = sourcecode.swift; path = AppDelegate.swift; sourceTree = "<group>"; };
		46BFA2EE219A2ECE0069AEAA /* Base */ = {isa = PBXFileReference; lastKnownFileType = file.storyboard; name = Base; path = Base.lproj/Main.storyboard; sourceTree = "<group>"; };
		46BFA2F0219A2ED00069AEAA /* Assets.xcassets */ = {isa = PBXFileReference; lastKnownFileType = folder.assetcatalog; path = Assets.xcassets; sourceTree = "<group>"; };
		46BFA2F3219A2ED00069AEAA /* Base */ = {isa = PBXFileReference; lastKnownFileType = file.storyboard; name = Base; path = Base.lproj/LaunchScreen.storyboard; sourceTree = "<group>"; };
		46BFA2F5219A2ED00069AEAA /* Info.plist */ = {isa = PBXFileReference; lastKnownFileType = text.plist.xml; path = Info.plist; sourceTree = "<group>"; };
		673B15168B2CBC2CE4A66F10 /* Pods_LearnRxSwift.framework */ = {isa = PBXFileReference; explicitFileType = wrapper.framework; includeInIndex = 0; path = Pods_LearnRxSwift.framework; sourceTree = BUILT_PRODUCTS_DIR; };
		8CE3A29AD293E22B7B8F18A5 /* Pods-LearnRxSwift.release.xcconfig */ = {isa = PBXFileReference; includeInIndex = 1; lastKnownFileType = text.xcconfig; name = "Pods-LearnRxSwift.release.xcconfig"; path = "Pods/Target Support Files/Pods-LearnRxSwift/Pods-LearnRxSwift.release.xcconfig"; sourceTree = "<group>"; };
/* End PBXFileReference section */

/* Begin PBXFrameworksBuildPhase section */
		46BFA2E3219A2ECE0069AEAA /* Frameworks */ = {
			isa = PBXFrameworksBuildPhase;
			buildActionMask = 2147483647;
			files = (
				F943C24440D44C1D66E20337 /* Pods_LearnRxSwift.framework in Frameworks */,
			);
			runOnlyForDeploymentPostprocessing = 0;
		};
/* End PBXFrameworksBuildPhase section */

/* Begin PBXGroup section */
		0ABB9F305A7EA0B7881F9014 /* Frameworks */ = {
			isa = PBXGroup;
			children = (
				673B15168B2CBC2CE4A66F10 /* Pods_LearnRxSwift.framework */,
			);
			name = Frameworks;
			sourceTree = "<group>";
		};
		46BFA2DD219A2ECE0069AEAA = {
			isa = PBXGroup;
			children = (
				46BFA2E8219A2ECE0069AEAA /* LearnRxSwift */,
				46BFA2E7219A2ECE0069AEAA /* Products */,
				F7AC7F624F9894C0C61EEB5D /* Pods */,
				0ABB9F305A7EA0B7881F9014 /* Frameworks */,
			);
			sourceTree = "<group>";
		};
		46BFA2E7219A2ECE0069AEAA /* Products */ = {
			isa = PBXGroup;
			children = (
				46BFA2E6219A2ECE0069AEAA /* LearnRxSwift.app */,
			);
			name = Products;
			sourceTree = "<group>";
		};
		46BFA2E8219A2ECE0069AEAA /* LearnRxSwift */ = {
			isa = PBXGroup;
			children = (
				46BFA2E9219A2ECE0069AEAA /* AppDelegate.swift */,
				46BFA2ED219A2ECE0069AEAA /* Main.storyboard */,
				46BFA2F0219A2ED00069AEAA /* Assets.xcassets */,
				46BFA2F2219A2ED00069AEAA /* LaunchScreen.storyboard */,
				46BFA2F5219A2ED00069AEAA /* Info.plist */,
			);
			path = LearnRxSwift;
			sourceTree = "<group>";
		};
		F7AC7F624F9894C0C61EEB5D /* Pods */ = {
			isa = PBXGroup;
			children = (
				301F26C6B7C2577CD58B5AE1 /* Pods-LearnRxSwift.debug.xcconfig */,
				8CE3A29AD293E22B7B8F18A5 /* Pods-LearnRxSwift.release.xcconfig */,
			);
			name = Pods;
			sourceTree = "<group>";
		};
/* End PBXGroup section */

/* Begin PBXNativeTarget section */
		46BFA2E5219A2ECE0069AEAA /* LearnRxSwift */ = {
			isa = PBXNativeTarget;
			buildConfigurationList = 46BFA2F8219A2ED00069AEAA /* Build configuration list for PBXNativeTarget "LearnRxSwift" */;
			buildPhases = (
				A6F92419E33B1CBA51619312 /* [CP] Check Pods Manifest.lock */,
				46BFA2E2219A2ECE0069AEAA /* Sources */,
				46BFA2E3219A2ECE0069AEAA /* Frameworks */,
				46BFA2E4219A2ECE0069AEAA /* Resources */,
				958AC961C98661916632CE23 /* [CP] Embed Pods Frameworks */,
			);
			buildRules = (
			);
			dependencies = (
			);
			name = LearnRxSwift;
			productName = LearnRxSwift;
			productReference = 46BFA2E6219A2ECE0069AEAA /* LearnRxSwift.app */;
			productType = "com.apple.product-type.application";
		};
/* End PBXNativeTarget section */

/* Begin PBXProject section */
		46BFA2DE219A2ECE0069AEAA /* Project object */ = {
			isa = PBXProject;
			attributes = {
				LastSwiftUpdateCheck = 1000;
				LastUpgradeCheck = 1000;
				ORGANIZATIONNAME = "Haoxin Li";
				TargetAttributes = {
					46BFA2E5219A2ECE0069AEAA = {
						CreatedOnToolsVersion = 10.0;
					};
				};
			};
			buildConfigurationList = 46BFA2E1219A2ECE0069AEAA /* Build configuration list for PBXProject "LearnRxSwift" */;
			compatibilityVersion = "Xcode 9.3";
			developmentRegion = en;
			hasScannedForEncodings = 0;
			knownRegions = (
				en,
				Base,
			);
			mainGroup = 46BFA2DD219A2ECE0069AEAA;
			productRefGroup = 46BFA2E7219A2ECE0069AEAA /* Products */;
			projectDirPath = "";
			projectRoot = "";
			targets = (
				46BFA2E5219A2ECE0069AEAA /* LearnRxSwift */,
			);
		};
/* End PBXProject section */

/* Begin PBXResourcesBuildPhase section */
		46BFA2E4219A2ECE0069AEAA /* Resources */ = {
			isa = PBXResourcesBuildPhase;
			buildActionMask = 2147483647;
			files = (
				46BFA2F4219A2ED00069AEAA /* LaunchScreen.storyboard in Resources */,
				46BFA2F1219A2ED00069AEAA /* Assets.xcassets in Resources */,
				46BFA2EF219A2ECE0069AEAA /* Main.storyboard in Resources */,
			);
			runOnlyForDeploymentPostprocessing = 0;
		};
/* End PBXResourcesBuildPhase section */

/* Begin PBXShellScriptBuildPhase section */
		958AC961C98661916632CE23 /* [CP] Embed Pods Frameworks */ = {
			isa = PBXShellScriptBuildPhase;
			buildActionMask = 2147483647;
			files = (
			);
			inputPaths = (
				"${SRCROOT}/Pods/Target Support Files/Pods-LearnRxSwift/Pods-LearnRxSwift-frameworks.sh",
				"${BUILT_PRODUCTS_DIR}/RxAtomic/RxAtomic.framework",
				"${BUILT_PRODUCTS_DIR}/RxCocoa/RxCocoa.framework",
				"${BUILT_PRODUCTS_DIR}/RxSwift/RxSwift.framework",
			);
			name = "[CP] Embed Pods Frameworks";
			outputPaths = (
				"${TARGET_BUILD_DIR}/${FRAMEWORKS_FOLDER_PATH}/RxAtomic.framework",
				"${TARGET_BUILD_DIR}/${FRAMEWORKS_FOLDER_PATH}/RxCocoa.framework",
				"${TARGET_BUILD_DIR}/${FRAMEWORKS_FOLDER_PATH}/RxSwift.framework",
			);
			runOnlyForDeploymentPostprocessing = 0;
			shellPath = /bin/sh;
			shellScript = "\"${SRCROOT}/Pods/Target Support Files/Pods-LearnRxSwift/Pods-LearnRxSwift-frameworks.sh\"\n";
			showEnvVarsInLog = 0;
		};
		A6F92419E33B1CBA51619312 /* [CP] Check Pods Manifest.lock */ = {
			isa = PBXShellScriptBuildPhase;
			buildActionMask = 2147483647;
			files = (
			);
			inputPaths = (
				"${PODS_PODFILE_DIR_PATH}/Podfile.lock",
				"${PODS_ROOT}/Manifest.lock",
			);
			name = "[CP] Check Pods Manifest.lock";
			outputPaths = (
				"$(DERIVED_FILE_DIR)/Pods-LearnRxSwift-checkManifestLockResult.txt",
			);
			runOnlyForDeploymentPostprocessing = 0;
			shellPath = /bin/sh;
			shellScript = "diff \"${PODS_PODFILE_DIR_PATH}/Podfile.lock\" \"${PODS_ROOT}/Manifest.lock\" > /dev/null\nif [ $? != 0 ] ; then\n    # print error to STDERR\n    echo \"error: The sandbox is not in sync with the Podfile.lock. Run 'pod install' or update your CocoaPods installation.\" >&2\n    exit 1\nfi\n# This output is used by Xcode 'outputs' to avoid re-running this script phase.\necho \"SUCCESS\" > \"${SCRIPT_OUTPUT_FILE_0}\"\n";
			showEnvVarsInLog = 0;
		};
/* End PBXShellScriptBuildPhase section */

/* Begin PBXSourcesBuildPhase section */
		46BFA2E2219A2ECE0069AEAA /* Sources */ = {
			isa = PBXSourcesBuildPhase;
			buildActionMask = 2147483647;
			files = (
				46BFA2EA219A2ECE0069AEAA /* AppDelegate.swift in Sources */,
			);
			runOnlyForDeploymentPostprocessing = 0;
		};
/* End PBXSourcesBuildPhase section */

/* Begin PBXVariantGroup section */
		46BFA2ED219A2ECE0069AEAA /* Main.storyboard */ = {
			isa = PBXVariantGroup;
			children = (
				46BFA2EE219A2ECE0069AEAA /* Base */,
			);
			name = Main.storyboard;
			sourceTree = "<group>";
		};
		46BFA2F2219A2ED00069AEAA /* LaunchScreen.storyboard */ = {
			isa = PBXVariantGroup;
			children = (
				46BFA2F3219A2ED00069AEAA /* Base */,
			);
			name = LaunchScreen.storyboard;
			sourceTree = "<group>";
		};
/* End PBXVariantGroup section */

/* Begin XCBuildConfiguration section */
		46BFA2F6219A2ED00069AEAA /* Debug */ = {
			isa = XCBuildConfiguration;
			buildSettings = {
				ALWAYS_SEARCH_USER_PATHS = NO;
				CLANG_ANALYZER_NONNULL = YES;
				CLANG_ANALYZER_NUMBER_OBJECT_CONVERSION = YES_AGGRESSIVE;
				CLANG_CXX_LANGUAGE_STANDARD = "gnu++14";
				CLANG_CXX_LIBRARY = "libc++";
				CLANG_ENABLE_MODULES = YES;
				CLANG_ENABLE_OBJC_ARC = YES;
				CLANG_ENABLE_OBJC_WEAK = YES;
				CLANG_WARN_BLOCK_CAPTURE_AUTORELEASING = YES;
				CLANG_WARN_BOOL_CONVERSION = YES;
				CLANG_WARN_COMMA = YES;
				CLANG_WARN_CONSTANT_CONVERSION = YES;
				CLANG_WARN_DEPRECATED_OBJC_IMPLEMENTATIONS = YES;
				CLANG_WARN_DIRECT_OBJC_ISA_USAGE = YES_ERROR;
				CLANG_WARN_DOCUMENTATION_COMMENTS = YES;
				CLANG_WARN_EMPTY_BODY = YES;
				CLANG_WARN_ENUM_CONVERSION = YES;
				CLANG_WARN_INFINITE_RECURSION = YES;
				CLANG_WARN_INT_CONVERSION = YES;
				CLANG_WARN_NON_LITERAL_NULL_CONVERSION = YES;
				CLANG_WARN_OBJC_IMPLICIT_RETAIN_SELF = YES;
				CLANG_WARN_OBJC_LITERAL_CONVERSION = YES;
				CLANG_WARN_OBJC_ROOT_CLASS = YES_ERROR;
				CLANG_WARN_RANGE_LOOP_ANALYSIS = YES;
				CLANG_WARN_STRICT_PROTOTYPES = YES;
				CLANG_WARN_SUSPICIOUS_MOVE = YES;
				CLANG_WARN_UNGUARDED_AVAILABILITY = YES_AGGRESSIVE;
				CLANG_WARN_UNREACHABLE_CODE = YES;
				CLANG_WARN__DUPLICATE_METHOD_MATCH = YES;
				CODE_SIGN_IDENTITY = "iPhone Developer";
				COPY_PHASE_STRIP = NO;
				DEBUG_INFORMATION_FORMAT = dwarf;
				ENABLE_STRICT_OBJC_MSGSEND = YES;
				ENABLE_TESTABILITY = YES;
				GCC_C_LANGUAGE_STANDARD = gnu11;
				GCC_DYNAMIC_NO_PIC = NO;
				GCC_NO_COMMON_BLOCKS = YES;
				GCC_OPTIMIZATION_LEVEL = 0;
				GCC_PREPROCESSOR_DEFINITIONS = (
					"DEBUG=1",
					"$(inherited)",
				);
				GCC_WARN_64_TO_32_BIT_CONVERSION = YES;
				GCC_WARN_ABOUT_RETURN_TYPE = YES_ERROR;
				GCC_WARN_UNDECLARED_SELECTOR = YES;
				GCC_WARN_UNINITIALIZED_AUTOS = YES_AGGRESSIVE;
				GCC_WARN_UNUSED_FUNCTION = YES;
				GCC_WARN_UNUSED_VARIABLE = YES;
				IPHONEOS_DEPLOYMENT_TARGET = 12.0;
				MTL_ENABLE_DEBUG_INFO = INCLUDE_SOURCE;
				MTL_FAST_MATH = YES;
				ONLY_ACTIVE_ARCH = YES;
				SDKROOT = iphoneos;
				SWIFT_ACTIVE_COMPILATION_CONDITIONS = DEBUG;
				SWIFT_OPTIMIZATION_LEVEL = "-Onone";
			};
			name = Debug;
		};
		46BFA2F7219A2ED00069AEAA /* Release */ = {
			isa = XCBuildConfiguration;
			buildSettings = {
				ALWAYS_SEARCH_USER_PATHS = NO;
				CLANG_ANALYZER_NONNULL = YES;
				CLANG_ANALYZER_NUMBER_OBJECT_CONVERSION = YES_AGGRESSIVE;
				CLANG_CXX_LANGUAGE_STANDARD = "gnu++14";
				CLANG_CXX_LIBRARY = "libc++";
				CLANG_ENABLE_MODULES = YES;
				CLANG_ENABLE_OBJC_ARC = YES;
				CLANG_ENABLE_OBJC_WEAK = YES;
				CLANG_WARN_BLOCK_CAPTURE_AUTORELEASING = YES;
				CLANG_WARN_BOOL_CONVERSION = YES;
				CLANG_WARN_COMMA = YES;
				CLANG_WARN_CONSTANT_CONVERSION = YES;
				CLANG_WARN_DEPRECATED_OBJC_IMPLEMENTATIONS = YES;
				CLANG_WARN_DIRECT_OBJC_ISA_USAGE = YES_ERROR;
				CLANG_WARN_DOCUMENTATION_COMMENTS = YES;
				CLANG_WARN_EMPTY_BODY = YES;
				CLANG_WARN_ENUM_CONVERSION = YES;
				CLANG_WARN_INFINITE_RECURSION = YES;
				CLANG_WARN_INT_CONVERSION = YES;
				CLANG_WARN_NON_LITERAL_NULL_CONVERSION = YES;
				CLANG_WARN_OBJC_IMPLICIT_RETAIN_SELF = YES;
				CLANG_WARN_OBJC_LITERAL_CONVERSION = YES;
				CLANG_WARN_OBJC_ROOT_CLASS = YES_ERROR;
				CLANG_WARN_RANGE_LOOP_ANALYSIS = YES;
				CLANG_WARN_STRICT_PROTOTYPES = YES;
				CLANG_WARN_SUSPICIOUS_MOVE = YES;
				CLANG_WARN_UNGUARDED_AVAILABILITY = YES_AGGRESSIVE;
				CLANG_WARN_UNREACHABLE_CODE = YES;
				CLANG_WARN__DUPLICATE_METHOD_MATCH = YES;
				CODE_SIGN_IDENTITY = "iPhone Developer";
				COPY_PHASE_STRIP = NO;
				DEBUG_INFORMATION_FORMAT = "dwarf-with-dsym";
				ENABLE_NS_ASSERTIONS = NO;
				ENABLE_STRICT_OBJC_MSGSEND = YES;
				GCC_C_LANGUAGE_STANDARD = gnu11;
				GCC_NO_COMMON_BLOCKS = YES;
				GCC_WARN_64_TO_32_BIT_CONVERSION = YES;
				GCC_WARN_ABOUT_RETURN_TYPE = YES_ERROR;
				GCC_WARN_UNDECLARED_SELECTOR = YES;
				GCC_WARN_UNINITIALIZED_AUTOS = YES_AGGRESSIVE;
				GCC_WARN_UNUSED_FUNCTION = YES;
				GCC_WARN_UNUSED_VARIABLE = YES;
				IPHONEOS_DEPLOYMENT_TARGET = 12.0;
				MTL_ENABLE_DEBUG_INFO = NO;
				MTL_FAST_MATH = YES;
				SDKROOT = iphoneos;
				SWIFT_COMPILATION_MODE = wholemodule;
				SWIFT_OPTIMIZATION_LEVEL = "-O";
				VALIDATE_PRODUCT = YES;
			};
			name = Release;
		};
		46BFA2F9219A2ED00069AEAA /* Debug */ = {
			isa = XCBuildConfiguration;
			baseConfigurationReference = 301F26C6B7C2577CD58B5AE1 /* Pods-LearnRxSwift.debug.xcconfig */;
			buildSettings = {
				ASSETCATALOG_COMPILER_APPICON_NAME = AppIcon;
				CODE_SIGN_STYLE = Automatic;
				DEVELOPMENT_TEAM = 5RFZ63C7NL;
				INFOPLIST_FILE = LearnRxSwift/Info.plist;
				LD_RUNPATH_SEARCH_PATHS = (
					"$(inherited)",
					"@executable_path/Frameworks",
				);
				PRODUCT_BUNDLE_IDENTIFIER = com.haoxinli.LearnRxSwift;
				PRODUCT_NAME = "$(TARGET_NAME)";
				SWIFT_VERSION = 4.2;
				TARGETED_DEVICE_FAMILY = "1,2";
			};
			name = Debug;
		};
		46BFA2FA219A2ED00069AEAA /* Release */ = {
			isa = XCBuildConfiguration;
			baseConfigurationReference = 8CE3A29AD293E22B7B8F18A5 /* Pods-LearnRxSwift.release.xcconfig */;
			buildSettings = {
				ASSETCATALOG_COMPILER_APPICON_NAME = AppIcon;
				CODE_SIGN_STYLE = Automatic;
				DEVELOPMENT_TEAM = 5RFZ63C7NL;
				INFOPLIST_FILE = LearnRxSwift/Info.plist;
				LD_RUNPATH_SEARCH_PATHS = (
					"$(inherited)",
					"@executable_path/Frameworks",
				);
				PRODUCT_BUNDLE_IDENTIFIER = com.haoxinli.LearnRxSwift;
				PRODUCT_NAME = "$(TARGET_NAME)";
				SWIFT_VERSION = 4.2;
				TARGETED_DEVICE_FAMILY = "1,2";
			};
			name = Release;
		};
/* End XCBuildConfiguration section */

/* Begin XCConfigurationList section */
		46BFA2E1219A2ECE0069AEAA /* Build configuration list for PBXProject "LearnRxSwift" */ = {
			isa = XCConfigurationList;
			buildConfigurations = (
				46BFA2F6219A2ED00069AEAA /* Debug */,
				46BFA2F7219A2ED00069AEAA /* Release */,
			);
			defaultConfigurationIsVisible = 0;
			defaultConfigurationName = Release;
		};
		46BFA2F8219A2ED00069AEAA /* Build configuration list for PBXNativeTarget "LearnRxSwift" */ = {
			isa = XCConfigurationList;
			buildConfigurations = (
				46BFA2F9219A2ED00069AEAA /* Debug */,
				46BFA2FA219A2ED00069AEAA /* Release */,
			);
			defaultConfigurationIsVisible = 0;
			defaultConfigurationName = Release;
		};
/* End XCConfigurationList section */
	};
	rootObject = 46BFA2DE219A2ECE0069AEAA /* Project object */;
}
